// !$*UTF8*$!
{
	archiveVersion = 1;
	classes = {
	};
	objectVersion = 51;
	objects = {

/* Begin PBXBuildFile section */
		6F78368124EE336D00AB4108 /* AppDelegate.swift in Sources */ = {isa = PBXBuildFile; fileRef = 6F78368024EE336D00AB4108 /* AppDelegate.swift */; };
		6F78368324EE336D00AB4108 /* SceneDelegate.swift in Sources */ = {isa = PBXBuildFile; fileRef = 6F78368224EE336D00AB4108 /* SceneDelegate.swift */; };
		6F78368524EE336D00AB4108 /* WeatherViewController.swift in Sources */ = {isa = PBXBuildFile; fileRef = 6F78368424EE336D00AB4108 /* WeatherViewController.swift */; };
		6F78368824EE336D00AB4108 /* Main.storyboard in Resources */ = {isa = PBXBuildFile; fileRef = 6F78368624EE336D00AB4108 /* Main.storyboard */; };
		6F78368A24EE336E00AB4108 /* Assets.xcassets in Resources */ = {isa = PBXBuildFile; fileRef = 6F78368924EE336E00AB4108 /* Assets.xcassets */; };
		6F78368D24EE336E00AB4108 /* LaunchScreen.storyboard in Resources */ = {isa = PBXBuildFile; fileRef = 6F78368B24EE336E00AB4108 /* LaunchScreen.storyboard */; };
		6FB9484324EE6E180018B5FA /* WeatherManager.swift in Sources */ = {isa = PBXBuildFile; fileRef = 6FB9484224EE6E180018B5FA /* WeatherManager.swift */; };
		6FB9484624EE75620018B5FA /* WeatherData.swift in Sources */ = {isa = PBXBuildFile; fileRef = 6FB9484524EE75620018B5FA /* WeatherData.swift */; };
		6FB9484824EE858C0018B5FA /* WeatherModel.swift in Sources */ = {isa = PBXBuildFile; fileRef = 6FB9484724EE858C0018B5FA /* WeatherModel.swift */; };
		EC4243E9855681EC62B2BA8D /* Pods_WeatherForecast.framework in Frameworks */ = {isa = PBXBuildFile; fileRef = 65443951BA0B2282A3088ABD /* Pods_WeatherForecast.framework */; };
/* End PBXBuildFile section */

/* Begin PBXFileReference section */
		1E81D40836792515F00C07B8 /* Pods-WeatherForecast.debug.xcconfig */ = {isa = PBXFileReference; includeInIndex = 1; lastKnownFileType = text.xcconfig; name = "Pods-WeatherForecast.debug.xcconfig"; path = "Target Support Files/Pods-WeatherForecast/Pods-WeatherForecast.debug.xcconfig"; sourceTree = "<group>"; };
		5FDEF5E3B4FEC29E667458DC /* Pods-Folio3WeatherForecast.debug.xcconfig */ = {isa = PBXFileReference; includeInIndex = 1; lastKnownFileType = text.xcconfig; name = "Pods-Folio3WeatherForecast.debug.xcconfig"; path = "Target Support Files/Pods-Folio3WeatherForecast/Pods-Folio3WeatherForecast.debug.xcconfig"; sourceTree = "<group>"; };
		65443951BA0B2282A3088ABD /* Pods_WeatherForecast.framework */ = {isa = PBXFileReference; explicitFileType = wrapper.framework; includeInIndex = 0; path = Pods_WeatherForecast.framework; sourceTree = BUILT_PRODUCTS_DIR; };
		6F78367D24EE336D00AB4108 /* WeatherForecast.app */ = {isa = PBXFileReference; explicitFileType = wrapper.application; includeInIndex = 0; path = WeatherForecast.app; sourceTree = BUILT_PRODUCTS_DIR; };
		6F78368024EE336D00AB4108 /* AppDelegate.swift */ = {isa = PBXFileReference; lastKnownFileType = sourcecode.swift; path = AppDelegate.swift; sourceTree = "<group>"; };
		6F78368224EE336D00AB4108 /* SceneDelegate.swift */ = {isa = PBXFileReference; lastKnownFileType = sourcecode.swift; path = SceneDelegate.swift; sourceTree = "<group>"; };
		6F78368424EE336D00AB4108 /* WeatherViewController.swift */ = {isa = PBXFileReference; lastKnownFileType = sourcecode.swift; path = WeatherViewController.swift; sourceTree = "<group>"; };
		6F78368724EE336D00AB4108 /* Base */ = {isa = PBXFileReference; lastKnownFileType = file.storyboard; name = Base; path = Base.lproj/Main.storyboard; sourceTree = "<group>"; };
		6F78368924EE336E00AB4108 /* Assets.xcassets */ = {isa = PBXFileReference; lastKnownFileType = folder.assetcatalog; path = Assets.xcassets; sourceTree = "<group>"; };
		6F78368C24EE336E00AB4108 /* Base */ = {isa = PBXFileReference; lastKnownFileType = file.storyboard; name = Base; path = Base.lproj/LaunchScreen.storyboard; sourceTree = "<group>"; };
		6F78368E24EE336E00AB4108 /* Info.plist */ = {isa = PBXFileReference; lastKnownFileType = text.plist.xml; path = Info.plist; sourceTree = "<group>"; };
		6FB9484224EE6E180018B5FA /* WeatherManager.swift */ = {isa = PBXFileReference; lastKnownFileType = sourcecode.swift; path = WeatherManager.swift; sourceTree = "<group>"; };
		6FB9484524EE75620018B5FA /* WeatherData.swift */ = {isa = PBXFileReference; lastKnownFileType = sourcecode.swift; path = WeatherData.swift; sourceTree = "<group>"; };
		6FB9484724EE858C0018B5FA /* WeatherModel.swift */ = {isa = PBXFileReference; lastKnownFileType = sourcecode.swift; path = WeatherModel.swift; sourceTree = "<group>"; };
		892ACB3AC48F65E2B8B2B930 /* Pods-Folio3WeatherForecast.release.xcconfig */ = {isa = PBXFileReference; includeInIndex = 1; lastKnownFileType = text.xcconfig; name = "Pods-Folio3WeatherForecast.release.xcconfig"; path = "Target Support Files/Pods-Folio3WeatherForecast/Pods-Folio3WeatherForecast.release.xcconfig"; sourceTree = "<group>"; };
		BA6C27A15B88170349D296D2 /* Pods-WeatherForecast.release.xcconfig */ = {isa = PBXFileReference; includeInIndex = 1; lastKnownFileType = text.xcconfig; name = "Pods-WeatherForecast.release.xcconfig"; path = "Target Support Files/Pods-WeatherForecast/Pods-WeatherForecast.release.xcconfig"; sourceTree = "<group>"; };
/* End PBXFileReference section */

/* Begin PBXFrameworksBuildPhase section */
		6F78367A24EE336D00AB4108 /* Frameworks */ = {
			isa = PBXFrameworksBuildPhase;
			buildActionMask = 2147483647;
			files = (
				EC4243E9855681EC62B2BA8D /* Pods_WeatherForecast.framework in Frameworks */,
			);
			runOnlyForDeploymentPostprocessing = 0;
		};
/* End PBXFrameworksBuildPhase section */

/* Begin PBXGroup section */
		5A2008A02D8952FF61771ABF /* Pods */ = {
			isa = PBXGroup;
			children = (
				5FDEF5E3B4FEC29E667458DC /* Pods-Folio3WeatherForecast.debug.xcconfig */,
				892ACB3AC48F65E2B8B2B930 /* Pods-Folio3WeatherForecast.release.xcconfig */,
				1E81D40836792515F00C07B8 /* Pods-WeatherForecast.debug.xcconfig */,
				BA6C27A15B88170349D296D2 /* Pods-WeatherForecast.release.xcconfig */,
			);
			path = Pods;
			sourceTree = "<group>";
		};
		6F78367424EE336D00AB4108 = {
			isa = PBXGroup;
			children = (
				6F78367F24EE336D00AB4108 /* WeatherForecast */,
				6F78367E24EE336D00AB4108 /* Products */,
				5A2008A02D8952FF61771ABF /* Pods */,
				ADCE063F54206462AB6C4B53 /* Frameworks */,
			);
			sourceTree = "<group>";
		};
		6F78367E24EE336D00AB4108 /* Products */ = {
			isa = PBXGroup;
			children = (
				6F78367D24EE336D00AB4108 /* WeatherForecast.app */,
			);
			name = Products;
			sourceTree = "<group>";
		};
		6F78367F24EE336D00AB4108 /* WeatherForecast */ = {
			isa = PBXGroup;
			children = (
				6FB9484424EE75530018B5FA /* Models */,
				6F78368024EE336D00AB4108 /* AppDelegate.swift */,
				6F78368224EE336D00AB4108 /* SceneDelegate.swift */,
				6F78369524EE338D00AB4108 /* Controller */,
				6F78369424EE338400AB4108 /* View */,
				6F78368924EE336E00AB4108 /* Assets.xcassets */,
				6F78368E24EE336E00AB4108 /* Info.plist */,
			);
			path = WeatherForecast;
			sourceTree = "<group>";
		};
		6F78369424EE338400AB4108 /* View */ = {
			isa = PBXGroup;
			children = (
				6F78368B24EE336E00AB4108 /* LaunchScreen.storyboard */,
				6F78368624EE336D00AB4108 /* Main.storyboard */,
			);
			path = View;
			sourceTree = "<group>";
		};
		6F78369524EE338D00AB4108 /* Controller */ = {
			isa = PBXGroup;
			children = (
				6F78368424EE336D00AB4108 /* WeatherViewController.swift */,
			);
			path = Controller;
			sourceTree = "<group>";
		};
		6FB9484424EE75530018B5FA /* Models */ = {
			isa = PBXGroup;
			children = (
				6FB9484224EE6E180018B5FA /* WeatherManager.swift */,
				6FB9484524EE75620018B5FA /* WeatherData.swift */,
				6FB9484724EE858C0018B5FA /* WeatherModel.swift */,
			);
			path = Models;
			sourceTree = "<group>";
		};
		ADCE063F54206462AB6C4B53 /* Frameworks */ = {
			isa = PBXGroup;
			children = (
				65443951BA0B2282A3088ABD /* Pods_WeatherForecast.framework */,
			);
			name = Frameworks;
			sourceTree = "<group>";
		};
/* End PBXGroup section */

/* Begin PBXNativeTarget section */
		6F78367C24EE336D00AB4108 /* WeatherForecast */ = {
			isa = PBXNativeTarget;
			buildConfigurationList = 6F78369124EE336E00AB4108 /* Build configuration list for PBXNativeTarget "WeatherForecast" */;
			buildPhases = (
				1A6BCD837D97F3144AAB1F04 /* [CP] Check Pods Manifest.lock */,
				6F78367924EE336D00AB4108 /* Sources */,
				6F78367A24EE336D00AB4108 /* Frameworks */,
				6F78367B24EE336D00AB4108 /* Resources */,
				12EA42E76FF413D1E19EE0BB /* [CP] Embed Pods Frameworks */,
			);
			buildRules = (
			);
			dependencies = (
			);
			name = WeatherForecast;
			productName = Folio3WeatherForecast;
			productReference = 6F78367D24EE336D00AB4108 /* WeatherForecast.app */;
			productType = "com.apple.product-type.application";
		};
/* End PBXNativeTarget section */

/* Begin PBXProject section */
		6F78367524EE336D00AB4108 /* Project object */ = {
			isa = PBXProject;
			attributes = {
				LastSwiftUpdateCheck = 1160;
				LastUpgradeCheck = 1160;
				ORGANIZATIONNAME = folio3;
				TargetAttributes = {
					6F78367C24EE336D00AB4108 = {
						CreatedOnToolsVersion = 11.6;
					};
				};
			};
			buildConfigurationList = 6F78367824EE336D00AB4108 /* Build configuration list for PBXProject "WeatherForecast" */;
			compatibilityVersion = "Xcode 9.3";
			developmentRegion = en;
			hasScannedForEncodings = 0;
			knownRegions = (
				en,
				Base,
			);
			mainGroup = 6F78367424EE336D00AB4108;
			productRefGroup = 6F78367E24EE336D00AB4108 /* Products */;
			projectDirPath = "";
			projectRoot = "";
			targets = (
				6F78367C24EE336D00AB4108 /* WeatherForecast */,
			);
		};
/* End PBXProject section */

/* Begin PBXResourcesBuildPhase section */
		6F78367B24EE336D00AB4108 /* Resources */ = {
			isa = PBXResourcesBuildPhase;
			buildActionMask = 2147483647;
			files = (
				6F78368D24EE336E00AB4108 /* LaunchScreen.storyboard in Resources */,
				6F78368A24EE336E00AB4108 /* Assets.xcassets in Resources */,
				6F78368824EE336D00AB4108 /* Main.storyboard in Resources */,
			);
			runOnlyForDeploymentPostprocessing = 0;
		};
/* End PBXResourcesBuildPhase section */

/* Begin PBXShellScriptBuildPhase section */
		12EA42E76FF413D1E19EE0BB /* [CP] Embed Pods Frameworks */ = {
			isa = PBXShellScriptBuildPhase;
			buildActionMask = 2147483647;
			files = (
			);
			inputFileListPaths = (
				"${PODS_ROOT}/Target Support Files/Pods-WeatherForecast/Pods-WeatherForecast-frameworks-${CONFIGURATION}-input-files.xcfilelist",
			);
			name = "[CP] Embed Pods Frameworks";
			outputFileListPaths = (
				"${PODS_ROOT}/Target Support Files/Pods-WeatherForecast/Pods-WeatherForecast-frameworks-${CONFIGURATION}-output-files.xcfilelist",
			);
			runOnlyForDeploymentPostprocessing = 0;
			shellPath = /bin/sh;
			shellScript = "\"${PODS_ROOT}/Target Support Files/Pods-WeatherForecast/Pods-WeatherForecast-frameworks.sh\"\n";
			showEnvVarsInLog = 0;
		};
		1A6BCD837D97F3144AAB1F04 /* [CP] Check Pods Manifest.lock */ = {
			isa = PBXShellScriptBuildPhase;
			buildActionMask = 2147483647;
			files = (
			);
			inputFileListPaths = (
			);
			inputPaths = (
				"${PODS_PODFILE_DIR_PATH}/Podfile.lock",
				"${PODS_ROOT}/Manifest.lock",
			);
			name = "[CP] Check Pods Manifest.lock";
			outputFileListPaths = (
			);
			outputPaths = (
				"$(DERIVED_FILE_DIR)/Pods-WeatherForecast-checkManifestLockResult.txt",
			);
			runOnlyForDeploymentPostprocessing = 0;
			shellPath = /bin/sh;
			shellScript = "diff \"${PODS_PODFILE_DIR_PATH}/Podfile.lock\" \"${PODS_ROOT}/Manifest.lock\" > /dev/null\nif [ $? != 0 ] ; then\n    # print error to STDERR\n    echo \"error: The sandbox is not in sync with the Podfile.lock. Run 'pod install' or update your CocoaPods installation.\" >&2\n    exit 1\nfi\n# This output is used by Xcode 'outputs' to avoid re-running this script phase.\necho \"SUCCESS\" > \"${SCRIPT_OUTPUT_FILE_0}\"\n";
			showEnvVarsInLog = 0;
		};
/* End PBXShellScriptBuildPhase section */

/* Begin PBXSourcesBuildPhase section */
		6F78367924EE336D00AB4108 /* Sources */ = {
			isa = PBXSourcesBuildPhase;
			buildActionMask = 2147483647;
			files = (
				6F78368524EE336D00AB4108 /* WeatherViewController.swift in Sources */,
				6FB9484624EE75620018B5FA /* WeatherData.swift in Sources */,
				6F78368124EE336D00AB4108 /* AppDelegate.swift in Sources */,
				6FB9484324EE6E180018B5FA /* WeatherManager.swift in Sources */,
				6FB9484824EE858C0018B5FA /* WeatherModel.swift in Sources */,
				6F78368324EE336D00AB4108 /* SceneDelegate.swift in Sources */,
			);
			runOnlyForDeploymentPostprocessing = 0;
		};
/* End PBXSourcesBuildPhase section */

/* Begin PBXVariantGroup section */
		6F78368624EE336D00AB4108 /* Main.storyboard */ = {
			isa = PBXVariantGroup;
			children = (
				6F78368724EE336D00AB4108 /* Base */,
			);
			name = Main.storyboard;
			sourceTree = "<group>";
		};
		6F78368B24EE336E00AB4108 /* LaunchScreen.storyboard */ = {
			isa = PBXVariantGroup;
			children = (
				6F78368C24EE336E00AB4108 /* Base */,
			);
			name = LaunchScreen.storyboard;
			sourceTree = "<group>";
		};
/* End PBXVariantGroup section */

/* Begin XCBuildConfiguration section */
		6F78368F24EE336E00AB4108 /* Debug */ = {
			isa = XCBuildConfiguration;
			buildSettings = {
				ALWAYS_SEARCH_USER_PATHS = NO;
				CLANG_ANALYZER_NONNULL = YES;
				CLANG_ANALYZER_NUMBER_OBJECT_CONVERSION = YES_AGGRESSIVE;
				CLANG_CXX_LANGUAGE_STANDARD = "gnu++14";
				CLANG_CXX_LIBRARY = "libc++";
				CLANG_ENABLE_MODULES = YES;
				CLANG_ENABLE_OBJC_ARC = YES;
				CLANG_ENABLE_OBJC_WEAK = YES;
				CLANG_WARN_BLOCK_CAPTURE_AUTORELEASING = YES;
				CLANG_WARN_BOOL_CONVERSION = YES;
				CLANG_WARN_COMMA = YES;
				CLANG_WARN_CONSTANT_CONVERSION = YES;
				CLANG_WARN_DEPRECATED_OBJC_IMPLEMENTATIONS = YES;
				CLANG_WARN_DIRECT_OBJC_ISA_USAGE = YES_ERROR;
				CLANG_WARN_DOCUMENTATION_COMMENTS = YES;
				CLANG_WARN_EMPTY_BODY = YES;
				CLANG_WARN_ENUM_CONVERSION = YES;
				CLANG_WARN_INFINITE_RECURSION = YES;
				CLANG_WARN_INT_CONVERSION = YES;
				CLANG_WARN_NON_LITERAL_NULL_CONVERSION = YES;
				CLANG_WARN_OBJC_IMPLICIT_RETAIN_SELF = YES;
				CLANG_WARN_OBJC_LITERAL_CONVERSION = YES;
				CLANG_WARN_OBJC_ROOT_CLASS = YES_ERROR;
				CLANG_WARN_RANGE_LOOP_ANALYSIS = YES;
				CLANG_WARN_STRICT_PROTOTYPES = YES;
				CLANG_WARN_SUSPICIOUS_MOVE = YES;
				CLANG_WARN_UNGUARDED_AVAILABILITY = YES_AGGRESSIVE;
				CLANG_WARN_UNREACHABLE_CODE = YES;
				CLANG_WARN__DUPLICATE_METHOD_MATCH = YES;
				COPY_PHASE_STRIP = NO;
				DEBUG_INFORMATION_FORMAT = dwarf;
				ENABLE_STRICT_OBJC_MSGSEND = YES;
				ENABLE_TESTABILITY = YES;
				GCC_C_LANGUAGE_STANDARD = gnu11;
				GCC_DYNAMIC_NO_PIC = NO;
				GCC_NO_COMMON_BLOCKS = YES;
				GCC_OPTIMIZATION_LEVEL = 0;
				GCC_PREPROCESSOR_DEFINITIONS = (
					"DEBUG=1",
					"$(inherited)",
				);
				GCC_WARN_64_TO_32_BIT_CONVERSION = YES;
				GCC_WARN_ABOUT_RETURN_TYPE = YES_ERROR;
				GCC_WARN_UNDECLARED_SELECTOR = YES;
				GCC_WARN_UNINITIALIZED_AUTOS = YES_AGGRESSIVE;
				GCC_WARN_UNUSED_FUNCTION = YES;
				GCC_WARN_UNUSED_VARIABLE = YES;
				IPHONEOS_DEPLOYMENT_TARGET = 13.6;
				MTL_ENABLE_DEBUG_INFO = INCLUDE_SOURCE;
				MTL_FAST_MATH = YES;
				ONLY_ACTIVE_ARCH = YES;
				SDKROOT = iphoneos;
				SWIFT_ACTIVE_COMPILATION_CONDITIONS = DEBUG;
				SWIFT_OPTIMIZATION_LEVEL = "-Onone";
			};
			name = Debug;
		};
		6F78369024EE336E00AB4108 /* Release */ = {
			isa = XCBuildConfiguration;
			buildSettings = {
				ALWAYS_SEARCH_USER_PATHS = NO;
				CLANG_ANALYZER_NONNULL = YES;
				CLANG_ANALYZER_NUMBER_OBJECT_CONVERSION = YES_AGGRESSIVE;
				CLANG_CXX_LANGUAGE_STANDARD = "gnu++14";
				CLANG_CXX_LIBRARY = "libc++";
				CLANG_ENABLE_MODULES = YES;
				CLANG_ENABLE_OBJC_ARC = YES;
				CLANG_ENABLE_OBJC_WEAK = YES;
				CLANG_WARN_BLOCK_CAPTURE_AUTORELEASING = YES;
				CLANG_WARN_BOOL_CONVERSION = YES;
				CLANG_WARN_COMMA = YES;
				CLANG_WARN_CONSTANT_CONVERSION = YES;
				CLANG_WARN_DEPRECATED_OBJC_IMPLEMENTATIONS = YES;
				CLANG_WARN_DIRECT_OBJC_ISA_USAGE = YES_ERROR;
				CLANG_WARN_DOCUMENTATION_COMMENTS = YES;
				CLANG_WARN_EMPTY_BODY = YES;
				CLANG_WARN_ENUM_CONVERSION = YES;
				CLANG_WARN_INFINITE_RECURSION = YES;
				CLANG_WARN_INT_CONVERSION = YES;
				CLANG_WARN_NON_LITERAL_NULL_CONVERSION = YES;
				CLANG_WARN_OBJC_IMPLICIT_RETAIN_SELF = YES;
				CLANG_WARN_OBJC_LITERAL_CONVERSION = YES;
				CLANG_WARN_OBJC_ROOT_CLASS = YES_ERROR;
				CLANG_WARN_RANGE_LOOP_ANALYSIS = YES;
				CLANG_WARN_STRICT_PROTOTYPES = YES;
				CLANG_WARN_SUSPICIOUS_MOVE = YES;
				CLANG_WARN_UNGUARDED_AVAILABILITY = YES_AGGRESSIVE;
				CLANG_WARN_UNREACHABLE_CODE = YES;
				CLANG_WARN__DUPLICATE_METHOD_MATCH = YES;
				COPY_PHASE_STRIP = NO;
				DEBUG_INFORMATION_FORMAT = "dwarf-with-dsym";
				ENABLE_NS_ASSERTIONS = NO;
				ENABLE_STRICT_OBJC_MSGSEND = YES;
				GCC_C_LANGUAGE_STANDARD = gnu11;
				GCC_NO_COMMON_BLOCKS = YES;
				GCC_WARN_64_TO_32_BIT_CONVERSION = YES;
				GCC_WARN_ABOUT_RETURN_TYPE = YES_ERROR;
				GCC_WARN_UNDECLARED_SELECTOR = YES;
				GCC_WARN_UNINITIALIZED_AUTOS = YES_AGGRESSIVE;
				GCC_WARN_UNUSED_FUNCTION = YES;
				GCC_WARN_UNUSED_VARIABLE = YES;
				IPHONEOS_DEPLOYMENT_TARGET = 13.6;
				MTL_ENABLE_DEBUG_INFO = NO;
				MTL_FAST_MATH = YES;
				SDKROOT = iphoneos;
				SWIFT_COMPILATION_MODE = wholemodule;
				SWIFT_OPTIMIZATION_LEVEL = "-O";
				VALIDATE_PRODUCT = YES;
			};
			name = Release;
		};
		6F78369224EE336E00AB4108 /* Debug */ = {
			isa = XCBuildConfiguration;
			baseConfigurationReference = 1E81D40836792515F00C07B8 /* Pods-WeatherForecast.debug.xcconfig */;
			buildSettings = {
				ASSETCATALOG_COMPILER_APPICON_NAME = AppIcon;
				CODE_SIGN_STYLE = Automatic;
				INFOPLIST_FILE = Folio3WeatherForecast/Info.plist;
				LD_RUNPATH_SEARCH_PATHS = (
					"$(inherited)",
					"@executable_path/Frameworks",
				);
				PRODUCT_BUNDLE_IDENTIFIER = com.folio3.Folio3WeatherForecast;
				PRODUCT_NAME = "$(TARGET_NAME)";
				SWIFT_VERSION = 5.0;
				TARGETED_DEVICE_FAMILY = "1,2";
			};
			name = Debug;
		};
		6F78369324EE336E00AB4108 /* Release */ = {
			isa = XCBuildConfiguration;
			baseConfigurationReference = BA6C27A15B88170349D296D2 /* Pods-WeatherForecast.release.xcconfig */;
			buildSettings = {
				ASSETCATALOG_COMPILER_APPICON_NAME = AppIcon;
				CODE_SIGN_STYLE = Automatic;
				INFOPLIST_FILE = Folio3WeatherForecast/Info.plist;
				LD_RUNPATH_SEARCH_PATHS = (
					"$(inherited)",
					"@executable_path/Frameworks",
				);
				PRODUCT_BUNDLE_IDENTIFIER = com.folio3.Folio3WeatherForecast;
				PRODUCT_NAME = "$(TARGET_NAME)";
				SWIFT_VERSION = 5.0;
				TARGETED_DEVICE_FAMILY = "1,2";
			};
			name = Release;
		};
/* End XCBuildConfiguration section */

/* Begin XCConfigurationList section */
		6F78367824EE336D00AB4108 /* Build configuration list for PBXProject "WeatherForecast" */ = {
			isa = XCConfigurationList;
			buildConfigurations = (
				6F78368F24EE336E00AB4108 /* Debug */,
				6F78369024EE336E00AB4108 /* Release */,
			);
			defaultConfigurationIsVisible = 0;
			defaultConfigurationName = Release;
		};
		6F78369124EE336E00AB4108 /* Build configuration list for PBXNativeTarget "WeatherForecast" */ = {
			isa = XCConfigurationList;
			buildConfigurations = (
				6F78369224EE336E00AB4108 /* Debug */,
				6F78369324EE336E00AB4108 /* Release */,
			);
			defaultConfigurationIsVisible = 0;
			defaultConfigurationName = Release;
		};
/* End XCConfigurationList section */
	};
	rootObject = 6F78367524EE336D00AB4108 /* Project object */;
}
